
Microsoft Visual Studio Solution File, Format Version 12.00
# Visual Studio 15
VisualStudioVersion = 15.0.27004.2006
MinimumVisualStudioVersion = 10.0.40219.1
Project("{FAE04EC0-301F-11D3-BF4B-00C04F79EFBC}") = "ClientEndPoint", "Client\ClientProject\ClientEndPoint.csproj", "{BEA620D5-29D1-4FFD-AB2E-EC04F44B5525}"
EndProject
Project("{FAE04EC0-301F-11D3-BF4B-00C04F79EFBC}") = "ClientMatchMakerLogic", "Client\ClientMatchMaker\ClientMatchMakerLogic.csproj", "{817966E9-3B50-4C35-9F30-D6A7A006BA55}"
EndProject
Project("{FAE04EC0-301F-11D3-BF4B-00C04F79EFBC}") = "ClientMatchLogic", "Client\ClientMatch\ClientMatchLogic.csproj", "{B2EB62A9-BC4A-4849-9D50-63B26CFB089E}"
EndProject
Project("{2150E333-8FDC-42A3-9474-1A3956D46DE8}") = "Client", "Client", "{757CCFD8-3F0F-42A2-BCD5-1D2E9BBD1A38}"
EndProject
Project("{2150E333-8FDC-42A3-9474-1A3956D46DE8}") = "Server", "Server", "{E6EEC3FA-9039-44EA-8DDF-480FA1C180FA}"
EndProject
Project("{FAE04EC0-301F-11D3-BF4B-00C04F79EFBC}") = "ClientShared", "Client\ClientShared\ClientShared.csproj", "{3622450D-6A4E-4E35-8C4B-4867754628DA}"
EndProject
Project("{FAE04EC0-301F-11D3-BF4B-00C04F79EFBC}") = "ClientDBLogic", "Client\ClientDB\ClientDBLogic.csproj", "{636ECA2B-6719-4CB4-A95C-83EB41699D2E}"
EndProject
Project("{FAE04EC0-301F-11D3-BF4B-00C04F79EFBC}") = "Misc", "Misc\Misc.csproj", "{49EB5C20-CAF0-42A0-8E60-CC104999F130}"
EndProject
Project("{FAE04EC0-301F-11D3-BF4B-00C04F79EFBC}") = "ServerEndPoint", "Server\ServerEndPoint\ServerEndPoint.csproj", "{0CAADF03-B6D9-4DF4-88EF-07955EA59ADC}"
EndProject
Project("{FAE04EC0-301F-11D3-BF4B-00C04F79EFBC}") = "ServerMatchLogic", "Server\ServerMatchLogic\ServerMatchLogic.csproj", "{D9CA2D4D-1048-4F0E-B21A-139700A8352E}"
EndProject
Project("{FAE04EC0-301F-11D3-BF4B-00C04F79EFBC}") = "ServerMatchMakerLogic", "Server\ServerMatchMakerLogic\ServerMatchMakerLogic.csproj", "{0C2C6C1A-6C69-4F06-847F-3FB13008ED60}"
EndProject
Project("{2150E333-8FDC-42A3-9474-1A3956D46DE8}") = "Extensions", "Extensions", "{6BE652EC-1D5E-43A4-AA78-F7BAA911A95E}"
EndProject
Project("{FAE04EC0-301F-11D3-BF4B-00C04F79EFBC}") = "ClientGameObjectExtension", "Extensions\ClientGameObjectExtension\ClientGameObjectExtension.csproj", "{3D8428C3-3D54-4E0C-8CB3-6CC8383A12A9}"
EndProject
Project("{FAE04EC0-301F-11D3-BF4B-00C04F79EFBC}") = "ServerExtensionTools", "Extensions\ServerExtensionTools\ServerExtensionTools.csproj", "{BDA482AB-B677-4A54-B439-3C5318A6C577}"
EndProject
Project("{FAE04EC0-301F-11D3-BF4B-00C04F79EFBC}") = "ServerGameObjectExtension", "Extensions\ServerGameObjectExtension\ServerGameObjectExtension.csproj", "{FE073FD5-D163-4696-967E-12DF94357361}"
EndProject
Project("{2150E333-8FDC-42A3-9474-1A3956D46DE8}") = "Shared", "Shared", "{B549450E-8030-4022-B784-A88900FACE40}"
EndProject
Project("{FAE04EC0-301F-11D3-BF4B-00C04F79EFBC}") = "SharedClientServerGameObjectMessages", "Extensions\SharedClientServerGameObjectMessages\SharedClientServerGameObjectMessages.csproj", "{B3F83A6B-6A4F-4DC5-B79F-38C61618CBD2}"
EndProject
Project("{FAE04EC0-301F-11D3-BF4B-00C04F79EFBC}") = "SharedClientServer", "Shared\SharedClientServer\SharedClientServer.csproj", "{193E81AB-FECC-4C90-9ABF-4B63426005AB}"
EndProject
Project("{FAE04EC0-301F-11D3-BF4B-00C04F79EFBC}") = "ServerDatabaseLogic", "Server\ServerDatabaseLogic\ServerDatabaseLogic.csproj", "{E343A72B-3C72-4439-8DF3-BDF6A23AD619}"
EndProject
Global
	GlobalSection(SolutionConfigurationPlatforms) = preSolution
		Debug|Any CPU = Debug|Any CPU
		Release|Any CPU = Release|Any CPU
	EndGlobalSection
	GlobalSection(ProjectConfigurationPlatforms) = postSolution
		{BEA620D5-29D1-4FFD-AB2E-EC04F44B5525}.Debug|Any CPU.ActiveCfg = Debug|Any CPU
		{BEA620D5-29D1-4FFD-AB2E-EC04F44B5525}.Debug|Any CPU.Build.0 = Debug|Any CPU
		{BEA620D5-29D1-4FFD-AB2E-EC04F44B5525}.Release|Any CPU.ActiveCfg = Release|Any CPU
		{BEA620D5-29D1-4FFD-AB2E-EC04F44B5525}.Release|Any CPU.Build.0 = Release|Any CPU
		{817966E9-3B50-4C35-9F30-D6A7A006BA55}.Debug|Any CPU.ActiveCfg = Debug|Any CPU
		{817966E9-3B50-4C35-9F30-D6A7A006BA55}.Debug|Any CPU.Build.0 = Debug|Any CPU
		{817966E9-3B50-4C35-9F30-D6A7A006BA55}.Release|Any CPU.ActiveCfg = Release|Any CPU
		{817966E9-3B50-4C35-9F30-D6A7A006BA55}.Release|Any CPU.Build.0 = Release|Any CPU
		{B2EB62A9-BC4A-4849-9D50-63B26CFB089E}.Debug|Any CPU.ActiveCfg = Debug|Any CPU
		{B2EB62A9-BC4A-4849-9D50-63B26CFB089E}.Debug|Any CPU.Build.0 = Debug|Any CPU
		{B2EB62A9-BC4A-4849-9D50-63B26CFB089E}.Release|Any CPU.ActiveCfg = Release|Any CPU
		{B2EB62A9-BC4A-4849-9D50-63B26CFB089E}.Release|Any CPU.Build.0 = Release|Any CPU
		{3622450D-6A4E-4E35-8C4B-4867754628DA}.Debug|Any CPU.ActiveCfg = Debug|Any CPU
		{3622450D-6A4E-4E35-8C4B-4867754628DA}.Debug|Any CPU.Build.0 = Debug|Any CPU
		{3622450D-6A4E-4E35-8C4B-4867754628DA}.Release|Any CPU.ActiveCfg = Release|Any CPU
		{3622450D-6A4E-4E35-8C4B-4867754628DA}.Release|Any CPU.Build.0 = Release|Any CPU
		{636ECA2B-6719-4CB4-A95C-83EB41699D2E}.Debug|Any CPU.ActiveCfg = Debug|Any CPU
		{636ECA2B-6719-4CB4-A95C-83EB41699D2E}.Debug|Any CPU.Build.0 = Debug|Any CPU
		{636ECA2B-6719-4CB4-A95C-83EB41699D2E}.Release|Any CPU.ActiveCfg = Release|Any CPU
		{636ECA2B-6719-4CB4-A95C-83EB41699D2E}.Release|Any CPU.Build.0 = Release|Any CPU
		{49EB5C20-CAF0-42A0-8E60-CC104999F130}.Debug|Any CPU.ActiveCfg = Debug|Any CPU
		{49EB5C20-CAF0-42A0-8E60-CC104999F130}.Debug|Any CPU.Build.0 = Debug|Any CPU
		{49EB5C20-CAF0-42A0-8E60-CC104999F130}.Release|Any CPU.ActiveCfg = Release|Any CPU
		{49EB5C20-CAF0-42A0-8E60-CC104999F130}.Release|Any CPU.Build.0 = Release|Any CPU
		{0CAADF03-B6D9-4DF4-88EF-07955EA59ADC}.Debug|Any CPU.ActiveCfg = Debug|Any CPU
		{0CAADF03-B6D9-4DF4-88EF-07955EA59ADC}.Debug|Any CPU.Build.0 = Debug|Any CPU
		{0CAADF03-B6D9-4DF4-88EF-07955EA59ADC}.Release|Any CPU.ActiveCfg = Release|Any CPU
		{0CAADF03-B6D9-4DF4-88EF-07955EA59ADC}.Release|Any CPU.Build.0 = Release|Any CPU
		{D9CA2D4D-1048-4F0E-B21A-139700A8352E}.Debug|Any CPU.ActiveCfg = Debug|Any CPU
		{D9CA2D4D-1048-4F0E-B21A-139700A8352E}.Debug|Any CPU.Build.0 = Debug|Any CPU
		{D9CA2D4D-1048-4F0E-B21A-139700A8352E}.Release|Any CPU.ActiveCfg = Release|Any CPU
		{D9CA2D4D-1048-4F0E-B21A-139700A8352E}.Release|Any CPU.Build.0 = Release|Any CPU
		{0C2C6C1A-6C69-4F06-847F-3FB13008ED60}.Debug|Any CPU.ActiveCfg = Debug|Any CPU
		{0C2C6C1A-6C69-4F06-847F-3FB13008ED60}.Debug|Any CPU.Build.0 = Debug|Any CPU
		{0C2C6C1A-6C69-4F06-847F-3FB13008ED60}.Release|Any CPU.ActiveCfg = Release|Any CPU
		{0C2C6C1A-6C69-4F06-847F-3FB13008ED60}.Release|Any CPU.Build.0 = Release|Any CPU
		{3D8428C3-3D54-4E0C-8CB3-6CC8383A12A9}.Debug|Any CPU.ActiveCfg = Debug|Any CPU
		{3D8428C3-3D54-4E0C-8CB3-6CC8383A12A9}.Debug|Any CPU.Build.0 = Debug|Any CPU
		{3D8428C3-3D54-4E0C-8CB3-6CC8383A12A9}.Release|Any CPU.ActiveCfg = Release|Any CPU
		{3D8428C3-3D54-4E0C-8CB3-6CC8383A12A9}.Release|Any CPU.Build.0 = Release|Any CPU
		{BDA482AB-B677-4A54-B439-3C5318A6C577}.Debug|Any CPU.ActiveCfg = Debug|Any CPU
		{BDA482AB-B677-4A54-B439-3C5318A6C577}.Debug|Any CPU.Build.0 = Debug|Any CPU
		{BDA482AB-B677-4A54-B439-3C5318A6C577}.Release|Any CPU.ActiveCfg = Release|Any CPU
		{BDA482AB-B677-4A54-B439-3C5318A6C577}.Release|Any CPU.Build.0 = Release|Any CPU
		{FE073FD5-D163-4696-967E-12DF94357361}.Debug|Any CPU.ActiveCfg = Debug|Any CPU
		{FE073FD5-D163-4696-967E-12DF94357361}.Debug|Any CPU.Build.0 = Debug|Any CPU
		{FE073FD5-D163-4696-967E-12DF94357361}.Release|Any CPU.ActiveCfg = Release|Any CPU
		{FE073FD5-D163-4696-967E-12DF94357361}.Release|Any CPU.Build.0 = Release|Any CPU
		{B3F83A6B-6A4F-4DC5-B79F-38C61618CBD2}.Debug|Any CPU.ActiveCfg = Debug|Any CPU
		{B3F83A6B-6A4F-4DC5-B79F-38C61618CBD2}.Debug|Any CPU.Build.0 = Debug|Any CPU
		{B3F83A6B-6A4F-4DC5-B79F-38C61618CBD2}.Release|Any CPU.ActiveCfg = Release|Any CPU
		{B3F83A6B-6A4F-4DC5-B79F-38C61618CBD2}.Release|Any CPU.Build.0 = Release|Any CPU
		{193E81AB-FECC-4C90-9ABF-4B63426005AB}.Debug|Any CPU.ActiveCfg = Debug|Any CPU
		{193E81AB-FECC-4C90-9ABF-4B63426005AB}.Debug|Any CPU.Build.0 = Debug|Any CPU
		{193E81AB-FECC-4C90-9ABF-4B63426005AB}.Release|Any CPU.ActiveCfg = Release|Any CPU
		{193E81AB-FECC-4C90-9ABF-4B63426005AB}.Release|Any CPU.Build.0 = Release|Any CPU
		{E343A72B-3C72-4439-8DF3-BDF6A23AD619}.Debug|Any CPU.ActiveCfg = Debug|Any CPU
		{E343A72B-3C72-4439-8DF3-BDF6A23AD619}.Debug|Any CPU.Build.0 = Debug|Any CPU
		{E343A72B-3C72-4439-8DF3-BDF6A23AD619}.Release|Any CPU.ActiveCfg = Release|Any CPU
		{E343A72B-3C72-4439-8DF3-BDF6A23AD619}.Release|Any CPU.Build.0 = Release|Any CPU
	EndGlobalSection
	GlobalSection(SolutionProperties) = preSolution
		HideSolutionNode = FALSE
	EndGlobalSection
	GlobalSection(NestedProjects) = preSolution
		{BEA620D5-29D1-4FFD-AB2E-EC04F44B5525} = {757CCFD8-3F0F-42A2-BCD5-1D2E9BBD1A38}
		{817966E9-3B50-4C35-9F30-D6A7A006BA55} = {757CCFD8-3F0F-42A2-BCD5-1D2E9BBD1A38}
		{B2EB62A9-BC4A-4849-9D50-63B26CFB089E} = {757CCFD8-3F0F-42A2-BCD5-1D2E9BBD1A38}
		{3622450D-6A4E-4E35-8C4B-4867754628DA} = {757CCFD8-3F0F-42A2-BCD5-1D2E9BBD1A38}
		{636ECA2B-6719-4CB4-A95C-83EB41699D2E} = {757CCFD8-3F0F-42A2-BCD5-1D2E9BBD1A38}
		{0CAADF03-B6D9-4DF4-88EF-07955EA59ADC} = {E6EEC3FA-9039-44EA-8DDF-480FA1C180FA}
		{D9CA2D4D-1048-4F0E-B21A-139700A8352E} = {E6EEC3FA-9039-44EA-8DDF-480FA1C180FA}
		{0C2C6C1A-6C69-4F06-847F-3FB13008ED60} = {E6EEC3FA-9039-44EA-8DDF-480FA1C180FA}
		{3D8428C3-3D54-4E0C-8CB3-6CC8383A12A9} = {6BE652EC-1D5E-43A4-AA78-F7BAA911A95E}
		{BDA482AB-B677-4A54-B439-3C5318A6C577} = {6BE652EC-1D5E-43A4-AA78-F7BAA911A95E}
		{FE073FD5-D163-4696-967E-12DF94357361} = {6BE652EC-1D5E-43A4-AA78-F7BAA911A95E}
		{B3F83A6B-6A4F-4DC5-B79F-38C61618CBD2} = {6BE652EC-1D5E-43A4-AA78-F7BAA911A95E}
		{193E81AB-FECC-4C90-9ABF-4B63426005AB} = {B549450E-8030-4022-B784-A88900FACE40}
		{E343A72B-3C72-4439-8DF3-BDF6A23AD619} = {E6EEC3FA-9039-44EA-8DDF-480FA1C180FA}
	EndGlobalSection
	GlobalSection(ExtensibilityGlobals) = postSolution
		SolutionGuid = {9FC7E8FD-FC5F-421D-A130-242EABBB5A85}
	EndGlobalSection
EndGlobal
