
Microsoft Visual Studio Solution File, Format Version 12.00
# Visual Studio 15
VisualStudioVersion = 15.0.26730.12
MinimumVisualStudioVersion = 10.0.40219.1
Project("{FAE04EC0-301F-11D3-BF4B-00C04F79EFBC}") = "ServerEndPoint", "Server\ServerEndPoint.csproj", "{0CAADF03-B6D9-4DF4-88EF-07955EA59ADC}"
EndProject
Project("{FAE04EC0-301F-11D3-BF4B-00C04F79EFBC}") = "ServerMatchMakerLogic", "MatchMaker\ServerMatchMakerLogic.csproj", "{0C2C6C1A-6C69-4F06-847F-3FB13008ED60}"
EndProject
Project("{FAE04EC0-301F-11D3-BF4B-00C04F79EFBC}") = "ServerMatchLogic", "Match\ServerMatchLogic.csproj", "{D9CA2D4D-1048-4F0E-B21A-139700A8352E}"
EndProject
Project("{FAE04EC0-301F-11D3-BF4B-00C04F79EFBC}") = "ClientServerShared", "Messages\ClientServerShared.csproj", "{193E81AB-FECC-4C90-9ABF-4B63426005AB}"
EndProject
Project("{FAE04EC0-301F-11D3-BF4B-00C04F79EFBC}") = "DatabaseConnector", "DatabaseConnector\DatabaseConnector.csproj", "{E343A72B-3C72-4439-8DF3-BDF6A23AD619}"
EndProject
Project("{FAE04EC0-301F-11D3-BF4B-00C04F79EFBC}") = "ClientEndPoint", "ClientProject\ClientEndPoint.csproj", "{BEA620D5-29D1-4FFD-AB2E-EC04F44B5525}"
EndProject
Project("{FAE04EC0-301F-11D3-BF4B-00C04F79EFBC}") = "ClientMatchMakerLogic", "ClientMatchMaker\ClientMatchMakerLogic.csproj", "{817966E9-3B50-4C35-9F30-D6A7A006BA55}"
EndProject
Project("{FAE04EC0-301F-11D3-BF4B-00C04F79EFBC}") = "ClientMatchLogic", "ClientMatch\ClientMatchLogic.csproj", "{B2EB62A9-BC4A-4849-9D50-63B26CFB089E}"
EndProject
Project("{2150E333-8FDC-42A3-9474-1A3956D46DE8}") = "Client", "Client", "{757CCFD8-3F0F-42A2-BCD5-1D2E9BBD1A38}"
EndProject
Project("{2150E333-8FDC-42A3-9474-1A3956D46DE8}") = "Server", "Server", "{E6EEC3FA-9039-44EA-8DDF-480FA1C180FA}"
EndProject
Project("{FAE04EC0-301F-11D3-BF4B-00C04F79EFBC}") = "ClientShared", "ClientShared\ClientShared.csproj", "{3622450D-6A4E-4E35-8C4B-4867754628DA}"
EndProject
Global
	GlobalSection(SolutionConfigurationPlatforms) = preSolution
		Debug|Any CPU = Debug|Any CPU
		Release|Any CPU = Release|Any CPU
	EndGlobalSection
	GlobalSection(ProjectConfigurationPlatforms) = postSolution
		{0CAADF03-B6D9-4DF4-88EF-07955EA59ADC}.Debug|Any CPU.ActiveCfg = Debug|Any CPU
		{0CAADF03-B6D9-4DF4-88EF-07955EA59ADC}.Debug|Any CPU.Build.0 = Debug|Any CPU
		{0CAADF03-B6D9-4DF4-88EF-07955EA59ADC}.Release|Any CPU.ActiveCfg = Release|Any CPU
		{0CAADF03-B6D9-4DF4-88EF-07955EA59ADC}.Release|Any CPU.Build.0 = Release|Any CPU
		{0C2C6C1A-6C69-4F06-847F-3FB13008ED60}.Debug|Any CPU.ActiveCfg = Debug|Any CPU
		{0C2C6C1A-6C69-4F06-847F-3FB13008ED60}.Debug|Any CPU.Build.0 = Debug|Any CPU
		{0C2C6C1A-6C69-4F06-847F-3FB13008ED60}.Release|Any CPU.ActiveCfg = Release|Any CPU
		{0C2C6C1A-6C69-4F06-847F-3FB13008ED60}.Release|Any CPU.Build.0 = Release|Any CPU
		{D9CA2D4D-1048-4F0E-B21A-139700A8352E}.Debug|Any CPU.ActiveCfg = Debug|Any CPU
		{D9CA2D4D-1048-4F0E-B21A-139700A8352E}.Debug|Any CPU.Build.0 = Debug|Any CPU
		{D9CA2D4D-1048-4F0E-B21A-139700A8352E}.Release|Any CPU.ActiveCfg = Release|Any CPU
		{D9CA2D4D-1048-4F0E-B21A-139700A8352E}.Release|Any CPU.Build.0 = Release|Any CPU
		{193E81AB-FECC-4C90-9ABF-4B63426005AB}.Debug|Any CPU.ActiveCfg = Debug|Any CPU
		{193E81AB-FECC-4C90-9ABF-4B63426005AB}.Debug|Any CPU.Build.0 = Debug|Any CPU
		{193E81AB-FECC-4C90-9ABF-4B63426005AB}.Release|Any CPU.ActiveCfg = Release|Any CPU
		{193E81AB-FECC-4C90-9ABF-4B63426005AB}.Release|Any CPU.Build.0 = Release|Any CPU
		{E343A72B-3C72-4439-8DF3-BDF6A23AD619}.Debug|Any CPU.ActiveCfg = Debug|Any CPU
		{E343A72B-3C72-4439-8DF3-BDF6A23AD619}.Debug|Any CPU.Build.0 = Debug|Any CPU
		{E343A72B-3C72-4439-8DF3-BDF6A23AD619}.Release|Any CPU.ActiveCfg = Release|Any CPU
		{E343A72B-3C72-4439-8DF3-BDF6A23AD619}.Release|Any CPU.Build.0 = Release|Any CPU
		{BEA620D5-29D1-4FFD-AB2E-EC04F44B5525}.Debug|Any CPU.ActiveCfg = Debug|Any CPU
		{BEA620D5-29D1-4FFD-AB2E-EC04F44B5525}.Debug|Any CPU.Build.0 = Debug|Any CPU
		{BEA620D5-29D1-4FFD-AB2E-EC04F44B5525}.Release|Any CPU.ActiveCfg = Release|Any CPU
		{BEA620D5-29D1-4FFD-AB2E-EC04F44B5525}.Release|Any CPU.Build.0 = Release|Any CPU
		{817966E9-3B50-4C35-9F30-D6A7A006BA55}.Debug|Any CPU.ActiveCfg = Debug|Any CPU
		{817966E9-3B50-4C35-9F30-D6A7A006BA55}.Debug|Any CPU.Build.0 = Debug|Any CPU
		{817966E9-3B50-4C35-9F30-D6A7A006BA55}.Release|Any CPU.ActiveCfg = Release|Any CPU
		{817966E9-3B50-4C35-9F30-D6A7A006BA55}.Release|Any CPU.Build.0 = Release|Any CPU
		{B2EB62A9-BC4A-4849-9D50-63B26CFB089E}.Debug|Any CPU.ActiveCfg = Debug|Any CPU
		{B2EB62A9-BC4A-4849-9D50-63B26CFB089E}.Debug|Any CPU.Build.0 = Debug|Any CPU
		{B2EB62A9-BC4A-4849-9D50-63B26CFB089E}.Release|Any CPU.ActiveCfg = Release|Any CPU
		{B2EB62A9-BC4A-4849-9D50-63B26CFB089E}.Release|Any CPU.Build.0 = Release|Any CPU
		{3622450D-6A4E-4E35-8C4B-4867754628DA}.Debug|Any CPU.ActiveCfg = Debug|Any CPU
		{3622450D-6A4E-4E35-8C4B-4867754628DA}.Debug|Any CPU.Build.0 = Debug|Any CPU
		{3622450D-6A4E-4E35-8C4B-4867754628DA}.Release|Any CPU.ActiveCfg = Release|Any CPU
		{3622450D-6A4E-4E35-8C4B-4867754628DA}.Release|Any CPU.Build.0 = Release|Any CPU
	EndGlobalSection
	GlobalSection(SolutionProperties) = preSolution
		HideSolutionNode = FALSE
	EndGlobalSection
	GlobalSection(NestedProjects) = preSolution
		{0CAADF03-B6D9-4DF4-88EF-07955EA59ADC} = {E6EEC3FA-9039-44EA-8DDF-480FA1C180FA}
		{0C2C6C1A-6C69-4F06-847F-3FB13008ED60} = {E6EEC3FA-9039-44EA-8DDF-480FA1C180FA}
		{D9CA2D4D-1048-4F0E-B21A-139700A8352E} = {E6EEC3FA-9039-44EA-8DDF-480FA1C180FA}
		{E343A72B-3C72-4439-8DF3-BDF6A23AD619} = {E6EEC3FA-9039-44EA-8DDF-480FA1C180FA}
		{BEA620D5-29D1-4FFD-AB2E-EC04F44B5525} = {757CCFD8-3F0F-42A2-BCD5-1D2E9BBD1A38}
		{817966E9-3B50-4C35-9F30-D6A7A006BA55} = {757CCFD8-3F0F-42A2-BCD5-1D2E9BBD1A38}
		{B2EB62A9-BC4A-4849-9D50-63B26CFB089E} = {757CCFD8-3F0F-42A2-BCD5-1D2E9BBD1A38}
		{3622450D-6A4E-4E35-8C4B-4867754628DA} = {757CCFD8-3F0F-42A2-BCD5-1D2E9BBD1A38}
	EndGlobalSection
	GlobalSection(ExtensibilityGlobals) = postSolution
		SolutionGuid = {9FC7E8FD-FC5F-421D-A130-242EABBB5A85}
	EndGlobalSection
EndGlobal
